<?xml version="1.0" encoding="utf-8"?>
<Project ToolsVersion="4.0" xmlns="http://schemas.microsoft.com/developer/msbuild/2003">
  <ItemGroup>
    <Filter Include="Source Files">
      <UniqueIdentifier>{4FC737F1-C7A5-4376-A066-2A32D752A2FF}</UniqueIdentifier>
      <Extensions>cpp;c;cc;cxx;c++;cppm;ixx;def;odl;idl;hpj;bat;asm;asmx</Extensions>
    </Filter>
    <Filter Include="Header Files">
      <UniqueIdentifier>{93995380-89BD-4b04-88EB-625FBE52EBFB}</UniqueIdentifier>
      <Extensions>h;hh;hpp;hxx;h++;hm;inl;inc;ipp;xsd</Extensions>
    </Filter>
    <Filter Include="Resource Files">
      <UniqueIdentifier>{67DA6AB6-F800-4c08-8B7A-83BB121AAD01}</UniqueIdentifier>
      <Extensions>rc;ico;cur;bmp;dlg;rc2;rct;bin;rgs;gif;jpg;jpeg;jpe;resx;tiff;tif;png;wav;mfcribbon-ms</Extensions>
    </Filter>
  </ItemGroup>
  <ItemGroup>
    <ClInclude Include="CControl\Headers\functions.h">
      <Filter>Header Files</Filter>
    </ClInclude>
    <ClInclude Include="CControl\Headers\enums.h">
      <Filter>Header Files</Filter>
    </ClInclude>
    <ClInclude Include="CControl\Headers\structs.h">
      <Filter>Header Files</Filter>
    </ClInclude>
    <ClInclude Include="CControl\Headers\defines.h">
      <Filter>Header Files</Filter>
    </ClInclude>
    <ClInclude Include="CControl\ccontrol.h">
      <Filter>Header Files</Filter>
    </ClInclude>
    <ClInclude Include="CControl\Sources\SignalProcessing\FFTpack\fftpack.h">
      <Filter>Header Files</Filter>
    </ClInclude>
    <ClInclude Include="CControl\Headers\macros.h">
      <Filter>Header Files</Filter>
    </ClInclude>
    <ClInclude Include="CControl\Sources\LinearAlgebra\linearalgebra.h">
      <Filter>Header Files</Filter>
    </ClInclude>
    <ClInclude Include="CControl\Headers\headers.h">
      <Filter>Header Files</Filter>
    </ClInclude>
    <ClInclude Include="CControl\Sources\SystemIdentification\systemidentification.h">
      <Filter>Header Files</Filter>
    </ClInclude>
    <ClInclude Include="CControl\Sources\ArtificialIntelligence\artificialintelligence.h">
      <Filter>Header Files</Filter>
    </ClInclude>
    <ClInclude Include="CControl\Sources\ControlEngineering\controlengineering.h">
      <Filter>Header Files</Filter>
    </ClInclude>
    <ClInclude Include="CControl\Sources\Hardware\hardware.h">
      <Filter>Header Files</Filter>
    </ClInclude>
    <ClInclude Include="CControl\Sources\ImageProcessing\imageprocessing.h">
      <Filter>Header Files</Filter>
    </ClInclude>
    <ClInclude Include="CControl\Sources\MachineLearning\machinelearning.h">
      <Filter>Header Files</Filter>
    </ClInclude>
    <ClInclude Include="CControl\Sources\Miscellaneous\miscellaneous.h">
      <Filter>Header Files</Filter>
    </ClInclude>
    <ClInclude Include="CControl\Sources\Optimization\optimization.h">
      <Filter>Header Files</Filter>
    </ClInclude>
    <ClInclude Include="CControl\Sources\SignalProcessing\signalprocessing.h">
      <Filter>Header Files</Filter>
    </ClInclude>
    <ClInclude Include="CControl\Sources\Statistics\statistics.h">
      <Filter>Header Files</Filter>
    </ClInclude>
    <ClInclude Include="CControl\Sources\sources.h">
      <Filter>Header Files</Filter>
    </ClInclude>
  </ItemGroup>
  <ItemGroup>
    <ClCompile Include="CControl\Sources\ArtificialIntelligence\Astar.c">
      <Filter>Source Files</Filter>
    </ClCompile>
    <ClCompile Include="CControl\Sources\ArtificialIntelligence\inpolygon.c">
      <Filter>Source Files</Filter>
    </ClCompile>
    <ClCompile Include="CControl\Sources\ControlEngineering\c2d.c">
      <Filter>Source Files</Filter>
    </ClCompile>
    <ClCompile Include="CControl\Sources\ControlEngineering\kalman.c">
      <Filter>Source Files</Filter>
    </ClCompile>
    <ClCompile Include="CControl\Sources\ControlEngineering\lqi.c">
      <Filter>Source Files</Filter>
    </ClCompile>
    <ClCompile Include="CControl\Sources\ControlEngineering\mpc.c">
      <Filter>Source Files</Filter>
    </ClCompile>
    <ClCompile Include="CControl\Sources\ControlEngineering\mrac.c">
      <Filter>Source Files</Filter>
    </ClCompile>
    <ClCompile Include="CControl\Sources\ControlEngineering\stability.c">
      <Filter>Source Files</Filter>
    </ClCompile>
    <ClCompile Include="CControl\Sources\ControlEngineering\theta2ss.c">
      <Filter>Source Files</Filter>
    </ClCompile>
    <ClCompile Include="CControl\Sources\SignalProcessing\filtfilt.c">
      <Filter>Source Files</Filter>
    </ClCompile>
    <ClCompile Include="CControl\Sources\SignalProcessing\pf.c">
      <Filter>Source Files</Filter>
    </ClCompile>
    <ClCompile Include="CControl\Sources\SignalProcessing\sr_ukf_state_estimation.c">
      <Filter>Source Files</Filter>
    </ClCompile>
    <ClCompile Include="CControl\Sources\LinearAlgebra\balance.c">
      <Filter>Source Files</Filter>
    </ClCompile>
    <ClCompile Include="CControl\Sources\LinearAlgebra\chol.c">
      <Filter>Source Files</Filter>
    </ClCompile>
    <ClCompile Include="CControl\Sources\LinearAlgebra\cholupdate.c">
      <Filter>Source Files</Filter>
    </ClCompile>
    <ClCompile Include="CControl\Sources\LinearAlgebra\det.c">
      <Filter>Source Files</Filter>
    </ClCompile>
    <ClCompile Include="CControl\Sources\LinearAlgebra\dlyap.c">
      <Filter>Source Files</Filter>
    </ClCompile>
    <ClCompile Include="CControl\Sources\LinearAlgebra\eig.c">
      <Filter>Source Files</Filter>
    </ClCompile>
    <ClCompile Include="CControl\Sources\LinearAlgebra\expm.c">
      <Filter>Source Files</Filter>
    </ClCompile>
    <ClCompile Include="CControl\Sources\LinearAlgebra\hankel.c">
      <Filter>Source Files</Filter>
    </ClCompile>
    <ClCompile Include="CControl\Sources\LinearAlgebra\inv.c">
      <Filter>Source Files</Filter>
    </ClCompile>
    <ClCompile Include="CControl\Sources\LinearAlgebra\linsolve_chol.c">
      <Filter>Source Files</Filter>
    </ClCompile>
    <ClCompile Include="CControl\Sources\LinearAlgebra\linsolve_gauss.c">
      <Filter>Source Files</Filter>
    </ClCompile>
    <ClCompile Include="CControl\Sources\LinearAlgebra\linsolve_lower_triangular.c">
      <Filter>Source Files</Filter>
    </ClCompile>
    <ClCompile Include="CControl\Sources\LinearAlgebra\linsolve_lup.c">
      <Filter>Source Files</Filter>
    </ClCompile>
    <ClCompile Include="CControl\Sources\LinearAlgebra\linsolve_qr.c">
      <Filter>Source Files</Filter>
    </ClCompile>
    <ClCompile Include="CControl\Sources\LinearAlgebra\linsolve_upper_triangular.c">
      <Filter>Source Files</Filter>
    </ClCompile>
    <ClCompile Include="CControl\Sources\LinearAlgebra\lup.c">
      <Filter>Source Files</Filter>
    </ClCompile>
    <ClCompile Include="CControl\Sources\LinearAlgebra\mul.c">
      <Filter>Source Files</Filter>
    </ClCompile>
    <ClCompile Include="CControl\Sources\LinearAlgebra\nonlinsolve.c">
      <Filter>Source Files</Filter>
    </ClCompile>
    <ClCompile Include="CControl\Sources\LinearAlgebra\norm.c">
      <Filter>Source Files</Filter>
    </ClCompile>
    <ClCompile Include="CControl\Sources\LinearAlgebra\pinv.c">
      <Filter>Source Files</Filter>
    </ClCompile>
    <ClCompile Include="CControl\Sources\LinearAlgebra\qr.c">
      <Filter>Source Files</Filter>
    </ClCompile>
    <ClCompile Include="CControl\Sources\LinearAlgebra\tran.c">
      <Filter>Source Files</Filter>
    </ClCompile>
    <ClCompile Include="CControl\Sources\Miscellaneous\cat.c">
      <Filter>Source Files</Filter>
    </ClCompile>
    <ClCompile Include="CControl\Sources\Miscellaneous\cut.c">
      <Filter>Source Files</Filter>
    </ClCompile>
    <ClCompile Include="CControl\Sources\Miscellaneous\insert.c">
      <Filter>Source Files</Filter>
    </ClCompile>
    <ClCompile Include="CControl\Sources\Statistics\mean.c">
      <Filter>Source Files</Filter>
    </ClCompile>
    <ClCompile Include="CControl\Sources\Miscellaneous\print.c">
      <Filter>Source Files</Filter>
    </ClCompile>
    <ClCompile Include="CControl\Sources\Statistics\randn.c">
      <Filter>Source Files</Filter>
    </ClCompile>
    <ClCompile Include="CControl\Sources\Miscellaneous\saturation.c">
      <Filter>Source Files</Filter>
    </ClCompile>
    <ClCompile Include="CControl\Sources\Miscellaneous\sign.c">
      <Filter>Source Files</Filter>
    </ClCompile>
    <ClCompile Include="CControl\Sources\Miscellaneous\sort.c">
      <Filter>Source Files</Filter>
    </ClCompile>
    <ClCompile Include="CControl\Sources\Statistics\stddev.c">
      <Filter>Source Files</Filter>
    </ClCompile>
    <ClCompile Include="CControl\Sources\Miscellaneous\sum.c">
      <Filter>Source Files</Filter>
    </ClCompile>
    <ClCompile Include="CControl\Sources\Miscellaneous\vmax.c">
      <Filter>Source Files</Filter>
    </ClCompile>
    <ClCompile Include="CControl\Sources\Miscellaneous\vmin.c">
      <Filter>Source Files</Filter>
    </ClCompile>
    <ClCompile Include="CControl\Sources\Optimization\linprog.c">
      <Filter>Source Files</Filter>
    </ClCompile>
    <ClCompile Include="CControl\Sources\Optimization\quadprog.c">
      <Filter>Source Files</Filter>
    </ClCompile>
    <ClCompile Include="CControl\Sources\SystemIdentification\era.c">
      <Filter>Source Files</Filter>
    </ClCompile>
    <ClCompile Include="CControl\Sources\SystemIdentification\okid.c">
      <Filter>Source Files</Filter>
    </ClCompile>
    <ClCompile Include="CControl\Sources\SystemIdentification\rls.c">
      <Filter>Source Files</Filter>
    </ClCompile>
    <ClCompile Include="CControl\Sources\SystemIdentification\sr_ukf_parameter_estimation.c">
      <Filter>Source Files</Filter>
    </ClCompile>
    <ClCompile Include="Main.c">
      <Filter>Source Files</Filter>
    </ClCompile>
    <ClCompile Include="CControl\Sources\Statistics\pca.c">
      <Filter>Source Files</Filter>
    </ClCompile>
    <ClCompile Include="CControl\Sources\Statistics\lda.c">
      <Filter>Source Files</Filter>
    </ClCompile>
    <ClCompile Include="CControl\Sources\LinearAlgebra\eig_generalized.c">
      <Filter>Source Files</Filter>
    </ClCompile>
    <ClCompile Include="CControl\Sources\MachineLearning\fisherfaces.c">
      <Filter>Source Files</Filter>
    </ClCompile>
    <ClCompile Include="CControl\Sources\Statistics\var.c">
      <Filter>Source Files</Filter>
    </ClCompile>
    <ClCompile Include="CControl\Sources\Statistics\cov.c">
      <Filter>Source Files</Filter>
    </ClCompile>
    <ClCompile Include="CControl\Sources\Statistics\covm.c">
      <Filter>Source Files</Filter>
    </ClCompile>
    <ClCompile Include="CControl\Sources\ImageProcessing\rpca.c">
      <Filter>Source Files</Filter>
    </ClCompile>
    <ClCompile Include="CControl\Sources\Optimization\lsqnonneg.c">
      <Filter>Source Files</Filter>
    </ClCompile>
    <ClCompile Include="CControl\Sources\LinearAlgebra\dot.c">
      <Filter>Source Files</Filter>
    </ClCompile>
    <ClCompile Include="CControl\Sources\MachineLearning\svm.c">
      <Filter>Source Files</Filter>
    </ClCompile>
    <ClCompile Include="CControl\Sources\Miscellaneous\pdist2.c">
      <Filter>Source Files</Filter>
    </ClCompile>
    <ClCompile Include="CControl\Sources\Miscellaneous\find.c">
      <Filter>Source Files</Filter>
    </ClCompile>
    <ClCompile Include="CControl\Sources\MachineLearning\dbscan.c">
      <Filter>Source Files</Filter>
    </ClCompile>
    <ClCompile Include="CControl\Sources\ImageProcessing\pooling.c">
      <Filter>Source Files</Filter>
    </ClCompile>
    <ClCompile Include="CControl\Sources\Statistics\amax.c">
      <Filter>Source Files</Filter>
    </ClCompile>
    <ClCompile Include="CControl\Sources\Hardware\count_sub_folders.c">
      <Filter>Source Files</Filter>
    </ClCompile>
    <ClCompile Include="CControl\Sources\Hardware\scan_sub_folder_names.c">
      <Filter>Source Files</Filter>
    </ClCompile>
    <ClCompile Include="CControl\Sources\Hardware\scan_file_names.c">
      <Filter>Source Files</Filter>
    </ClCompile>
    <ClCompile Include="CControl\Sources\Hardware\concatenate_paths.c">
      <Filter>Source Files</Filter>
    </ClCompile>
    <ClCompile Include="CControl\Sources\ImageProcessing\imread.c">
      <Filter>Source Files</Filter>
    </ClCompile>
    <ClCompile Include="CControl\Sources\MachineLearning\kernel.c">
      <Filter>Source Files</Filter>
    </ClCompile>
    <ClCompile Include="CControl\Sources\MachineLearning\kpca.c">
      <Filter>Source Files</Filter>
    </ClCompile>
    <ClCompile Include="CControl\Sources\Statistics\center.c">
      <Filter>Source Files</Filter>
    </ClCompile>
    <ClCompile Include="CControl\Sources\Statistics\randperm.c">
      <Filter>Source Files</Filter>
    </ClCompile>
    <ClCompile Include="CControl\Sources\LinearAlgebra\svd.c">
      <Filter>Source Files</Filter>
    </ClCompile>
    <ClCompile Include="CControl\Sources\Miscellaneous\issymmetric.c">
      <Filter>Source Files</Filter>
    </ClCompile>
    <ClCompile Include="CControl\Sources\LinearAlgebra\rank.c">
      <Filter>Source Files</Filter>
    </ClCompile>
    <ClCompile Include="CControl\Sources\SignalProcessing\clusterfilter.c">
      <Filter>Source Files</Filter>
    </ClCompile>
    <ClCompile Include="CControl\Sources\MachineLearning\nn.c">
      <Filter>Source Files</Filter>
    </ClCompile>
    <ClCompile Include="CControl\Sources\SignalProcessing\fft.c">
      <Filter>Source Files</Filter>
    </ClCompile>
    <ClCompile Include="CControl\Sources\SignalProcessing\ifft.c">
      <Filter>Source Files</Filter>
    </ClCompile>
    <ClCompile Include="CControl\Sources\SignalProcessing\fft2.c">
      <Filter>Source Files</Filter>
    </ClCompile>
    <ClCompile Include="CControl\Sources\SignalProcessing\ifft2.c">
      <Filter>Source Files</Filter>
    </ClCompile>
    <ClCompile Include="CControl\Sources\SignalProcessing\FFTpack\fftpack.c">
      <Filter>Source Files</Filter>
    </ClCompile>
    <ClCompile Include="CControl\Sources\ImageProcessing\sobel.c">
      <Filter>Source Files</Filter>
    </ClCompile>
    <ClCompile Include="CControl\Sources\ImageProcessing\hough.c">
      <Filter>Source Files</Filter>
    </ClCompile>
    <ClCompile Include="CControl\Sources\Miscellaneous\rad2deg.c">
      <Filter>Source Files</Filter>
    </ClCompile>
    <ClCompile Include="CControl\Sources\Miscellaneous\deg2rad.c">
      <Filter>Source Files</Filter>
    </ClCompile>
    <ClCompile Include="CControl\Sources\ImageProcessing\featuredetection.c">
      <Filter>Source Files</Filter>
    </ClCompile>
    <ClCompile Include="CControl\Sources\ImageProcessing\imshow.c">
      <Filter>Source Files</Filter>
    </ClCompile>
    <ClCompile Include="CControl\Sources\ImageProcessing\imfree.c">
      <Filter>Source Files</Filter>
    </ClCompile>
    <ClCompile Include="CControl\Sources\ImageProcessing\imgaussfilt.c">
      <Filter>Source Files</Filter>
    </ClCompile>
    <ClCompile Include="CControl\Sources\ImageProcessing\imresize.c">
      <Filter>Source Files</Filter>
    </ClCompile>
    <ClCompile Include="CControl\Sources\SignalProcessing\fftshift.c">
      <Filter>Source Files</Filter>
    </ClCompile>
    <ClCompile Include="CControl\Sources\SignalProcessing\ifftshift.c">
      <Filter>Source Files</Filter>
    </ClCompile>
    <ClCompile Include="CControl\Sources\MachineLearning\lbp.c">
      <Filter>Source Files</Filter>
    </ClCompile>
    <ClCompile Include="CControl\Sources\Statistics\area.c">
      <Filter>Source Files</Filter>
    </ClCompile>
    <ClCompile Include="CControl\Sources\MachineLearning\kmeans.c">
      <Filter>Source Files</Filter>
    </ClCompile>
    <ClCompile Include="CControl\Sources\ImageProcessing\imcollect.c">
      <Filter>Source Files</Filter>
    </ClCompile>
    <ClCompile Include="CControl\Sources\Hardware\detectmemoryleak.c">
      <Filter>Source Files</Filter>
    </ClCompile>
    <ClCompile Include="CControl\Sources\Miscellaneous\popcount.c">
      <Filter>Source Files</Filter>
    </ClCompile>
    <ClCompile Include="CControl\Sources\Miscellaneous\anglevector.c">
      <Filter>Source Files</Filter>
    </ClCompile>
    <ClCompile Include="CControl\Sources\MachineLearning\kpca_lda_nn.c">
      <Filter>Source Files</Filter>
    </ClCompile>
    <ClCompile Include="CControl\Sources\ImageProcessing\fspecial.c">
      <Filter>Source Files</Filter>
    </ClCompile>
    <ClCompile Include="CControl\Sources\ImageProcessing\harris.c">
      <Filter>Source Files</Filter>
    </ClCompile>
    <ClCompile Include="CControl\Sources\LinearAlgebra\conv2fft.c">
      <Filter>Source Files</Filter>
    </ClCompile>
    <ClCompile Include="CControl\Sources\ImageProcessing\intensitycentroid.c">
      <Filter>Source Files</Filter>
    </ClCompile>
    <ClCompile Include="CControl\Sources\Statistics\opa.c">
      <Filter>Source Files</Filter>
    </ClCompile>
    <ClCompile Include="CControl\Sources\Statistics\amin.c">
      <Filter>Source Files</Filter>
    </ClCompile>
    <ClCompile Include="CControl\Sources\Statistics\clustersdistance.c">
      <Filter>Source Files</Filter>
    </ClCompile>
    <ClCompile Include="CControl\Sources\Statistics\centroid.c">
      <Filter>Source Files</Filter>
    </ClCompile>
    <ClCompile Include="CControl\Sources\Statistics\clusterratio.c">
      <Filter>Source Files</Filter>
    </ClCompile>
    <ClCompile Include="CControl\Sources\ImageProcessing\cornerdetection.c">
      <Filter>Source Files</Filter>
    </ClCompile>
    <ClCompile Include="CControl\Sources\ImageProcessing\generalizedhough.c">
      <Filter>Source Files</Filter>
    </ClCompile>
    <ClCompile Include="CControl\Sources\Miscellaneous\unit.c">
      <Filter>Source Files</Filter>
    </ClCompile>
    <ClCompile Include="CControl\Sources\Miscellaneous\rot2d.c">
      <Filter>Source Files</Filter>
    </ClCompile>
    <ClCompile Include="CControl\Sources\Miscellaneous\scalar.c">
      <Filter>Source Files</Filter>
    </ClCompile>
    <ClCompile Include="CControl\Sources\Miscellaneous\ind2sub.c">
      <Filter>Source Files</Filter>
    </ClCompile>
    <ClCompile Include="CControl\Sources\LinearAlgebra\conv.c">
      <Filter>Source Files</Filter>
    </ClCompile>
    <ClCompile Include="CControl\Sources\LinearAlgebra\convfft.c">
      <Filter>Source Files</Filter>
    </ClCompile>
    <ClCompile Include="CControl\Sources\LinearAlgebra\conv2.c">
      <Filter>Source Files</Filter>
    </ClCompile>
    <ClCompile Include="CControl\Sources\ImageProcessing\imwrite.c">
      <Filter>Source Files</Filter>
    </ClCompile>
    <ClCompile Include="CControl\Sources\ImageProcessing\shapedetection.c">
      <Filter>Source Files</Filter>
    </ClCompile>
    <ClCompile Include="CControl\Sources\Miscellaneous\uint2float.c">
      <Filter>Source Files</Filter>
    </ClCompile>
    <ClCompile Include="CControl\Sources\Miscellaneous\float2uint.c">
      <Filter>Source Files</Filter>
    </ClCompile>
    <ClCompile Include="CControl\Sources\Miscellaneous\radianvector.c">
      <Filter>Source Files</Filter>
    </ClCompile>
    <ClCompile Include="CControl\Sources\ImageProcessing\landmarkdetection.c">
      <Filter>Source Files</Filter>
    </ClCompile>
    <ClCompile Include="CControl\Sources\Statistics\normpdf.c">
      <Filter>Source Files</Filter>
    </ClCompile>
    <ClCompile Include="CControl\Sources\Miscellaneous\cumsum.c">
      <Filter>Source Files</Filter>
    </ClCompile>
    <ClCompile Include="CControl\Sources\ImageProcessing\integralimage.c">
      <Filter>Source Files</Filter>
    </ClCompile>
    <ClCompile Include="CControl\Sources\MachineLearning\adaboost.c">
      <Filter>Source Files</Filter>
    </ClCompile>
    <ClCompile Include="CControl\Sources\Statistics\giniimpurity.c">
      <Filter>Source Files</Filter>
    </ClCompile>
    <ClCompile Include="CControl\Sources\Miscellaneous\normalize.c">
      <Filter>Source Files</Filter>
    </ClCompile>
  </ItemGroup>
  <ItemGroup>
    <None Include="packages.config" />
  </ItemGroup>
</Project>