<?xml version="1.0" encoding="utf-8"?>
<Project ToolsVersion="4.0" xmlns="http://schemas.microsoft.com/developer/msbuild/2003">
  <ItemGroup>
    <Filter Include="Source Files">
      <UniqueIdentifier>{4FC737F1-C7A5-4376-A066-2A32D752A2FF}</UniqueIdentifier>
      <Extensions>cpp;c;cc;cxx;c++;cppm;ixx;def;odl;idl;hpj;bat;asm;asmx</Extensions>
    </Filter>
    <Filter Include="Header Files">
      <UniqueIdentifier>{93995380-89BD-4b04-88EB-625FBE52EBFB}</UniqueIdentifier>
      <Extensions>h;hh;hpp;hxx;h++;hm;inl;inc;ipp;xsd</Extensions>
    </Filter>
    <Filter Include="Resource Files">
      <UniqueIdentifier>{67DA6AB6-F800-4c08-8B7A-83BB121AAD01}</UniqueIdentifier>
      <Extensions>rc;ico;cur;bmp;dlg;rc2;rct;bin;rgs;gif;jpg;jpeg;jpe;resx;tiff;tif;png;wav;mfcribbon-ms</Extensions>
    </Filter>
  </ItemGroup>
  <ItemGroup>
    <ClInclude Include="CControl\Headers\functions.h">
      <Filter>Header Files</Filter>
    </ClInclude>
    <ClInclude Include="CControl\Headers\enums.h">
      <Filter>Header Files</Filter>
    </ClInclude>
    <ClInclude Include="CControl\Headers\structs.h">
      <Filter>Header Files</Filter>
    </ClInclude>
    <ClInclude Include="CControl\Headers\defines.h">
      <Filter>Header Files</Filter>
    </ClInclude>
    <ClInclude Include="CControl\ccontrol.h">
      <Filter>Header Files</Filter>
    </ClInclude>
    <ClInclude Include="CControl\Sources\LinearAlgebra\Lapack\f2c.h">
      <Filter>Header Files</Filter>
    </ClInclude>
    <ClInclude Include="CControl\Sources\LinearAlgebra\Lapack\lapack.h">
      <Filter>Header Files</Filter>
    </ClInclude>
    <ClInclude Include="CControl\Sources\LinearAlgebra\Lapack\clapack.h">
      <Filter>Header Files</Filter>
    </ClInclude>
    <ClInclude Include="CControl\Sources\LinearAlgebra\Lapack\fio.h">
      <Filter>Header Files</Filter>
    </ClInclude>
    <ClInclude Include="CControl\Sources\LinearAlgebra\Lapack\fmt.h">
      <Filter>Header Files</Filter>
    </ClInclude>
    <ClInclude Include="CControl\Sources\LinearAlgebra\Lapack\sysdep1.h">
      <Filter>Header Files</Filter>
    </ClInclude>
    <ClInclude Include="CControl\Sources\LinearAlgebra\Lapack\blaswrap.h">
      <Filter>Header Files</Filter>
    </ClInclude>
    <ClInclude Include="CControl\Sources\LinearAlgebra\Lapack\fp.h">
      <Filter>Header Files</Filter>
    </ClInclude>
  </ItemGroup>
  <ItemGroup>
    <ClCompile Include="CControl\Sources\ArtificialIntelligence\Astar.c">
      <Filter>Source Files</Filter>
    </ClCompile>
    <ClCompile Include="CControl\Sources\ArtificialIntelligence\inpolygon.c">
      <Filter>Source Files</Filter>
    </ClCompile>
    <ClCompile Include="CControl\Sources\ControlEngineering\c2d.c">
      <Filter>Source Files</Filter>
    </ClCompile>
    <ClCompile Include="CControl\Sources\ControlEngineering\kalman.c">
      <Filter>Source Files</Filter>
    </ClCompile>
    <ClCompile Include="CControl\Sources\ControlEngineering\lqi.c">
      <Filter>Source Files</Filter>
    </ClCompile>
    <ClCompile Include="CControl\Sources\ControlEngineering\mpc.c">
      <Filter>Source Files</Filter>
    </ClCompile>
    <ClCompile Include="CControl\Sources\ControlEngineering\mrac.c">
      <Filter>Source Files</Filter>
    </ClCompile>
    <ClCompile Include="CControl\Sources\ControlEngineering\stability.c">
      <Filter>Source Files</Filter>
    </ClCompile>
    <ClCompile Include="CControl\Sources\ControlEngineering\theta2ss.c">
      <Filter>Source Files</Filter>
    </ClCompile>
    <ClCompile Include="CControl\Sources\Filtering\filtfilt.c">
      <Filter>Source Files</Filter>
    </ClCompile>
    <ClCompile Include="CControl\Sources\Filtering\pf.c">
      <Filter>Source Files</Filter>
    </ClCompile>
    <ClCompile Include="CControl\Sources\Filtering\sr_ukf_state_estimation.c">
      <Filter>Source Files</Filter>
    </ClCompile>
    <ClCompile Include="CControl\Sources\LinearAlgebra\balance.c">
      <Filter>Source Files</Filter>
    </ClCompile>
    <ClCompile Include="CControl\Sources\LinearAlgebra\chol.c">
      <Filter>Source Files</Filter>
    </ClCompile>
    <ClCompile Include="CControl\Sources\LinearAlgebra\cholupdate.c">
      <Filter>Source Files</Filter>
    </ClCompile>
    <ClCompile Include="CControl\Sources\LinearAlgebra\det.c">
      <Filter>Source Files</Filter>
    </ClCompile>
    <ClCompile Include="CControl\Sources\LinearAlgebra\dlyap.c">
      <Filter>Source Files</Filter>
    </ClCompile>
    <ClCompile Include="CControl\Sources\LinearAlgebra\eig.c">
      <Filter>Source Files</Filter>
    </ClCompile>
    <ClCompile Include="CControl\Sources\LinearAlgebra\expm.c">
      <Filter>Source Files</Filter>
    </ClCompile>
    <ClCompile Include="CControl\Sources\LinearAlgebra\hankel.c">
      <Filter>Source Files</Filter>
    </ClCompile>
    <ClCompile Include="CControl\Sources\LinearAlgebra\inv.c">
      <Filter>Source Files</Filter>
    </ClCompile>
    <ClCompile Include="CControl\Sources\LinearAlgebra\linsolve_chol.c">
      <Filter>Source Files</Filter>
    </ClCompile>
    <ClCompile Include="CControl\Sources\LinearAlgebra\linsolve_gauss.c">
      <Filter>Source Files</Filter>
    </ClCompile>
    <ClCompile Include="CControl\Sources\LinearAlgebra\linsolve_lower_triangular.c">
      <Filter>Source Files</Filter>
    </ClCompile>
    <ClCompile Include="CControl\Sources\LinearAlgebra\linsolve_lup.c">
      <Filter>Source Files</Filter>
    </ClCompile>
    <ClCompile Include="CControl\Sources\LinearAlgebra\linsolve_qr.c">
      <Filter>Source Files</Filter>
    </ClCompile>
    <ClCompile Include="CControl\Sources\LinearAlgebra\linsolve_upper_triangular.c">
      <Filter>Source Files</Filter>
    </ClCompile>
    <ClCompile Include="CControl\Sources\LinearAlgebra\lup.c">
      <Filter>Source Files</Filter>
    </ClCompile>
    <ClCompile Include="CControl\Sources\LinearAlgebra\mul.c">
      <Filter>Source Files</Filter>
    </ClCompile>
    <ClCompile Include="CControl\Sources\LinearAlgebra\nonlinsolve.c">
      <Filter>Source Files</Filter>
    </ClCompile>
    <ClCompile Include="CControl\Sources\LinearAlgebra\norm.c">
      <Filter>Source Files</Filter>
    </ClCompile>
    <ClCompile Include="CControl\Sources\LinearAlgebra\pinv.c">
      <Filter>Source Files</Filter>
    </ClCompile>
    <ClCompile Include="CControl\Sources\LinearAlgebra\qr.c">
      <Filter>Source Files</Filter>
    </ClCompile>
    <ClCompile Include="CControl\Sources\LinearAlgebra\tran.c">
      <Filter>Source Files</Filter>
    </ClCompile>
    <ClCompile Include="CControl\Sources\Miscellaneous\cat.c">
      <Filter>Source Files</Filter>
    </ClCompile>
    <ClCompile Include="CControl\Sources\Miscellaneous\cut.c">
      <Filter>Source Files</Filter>
    </ClCompile>
    <ClCompile Include="CControl\Sources\Miscellaneous\insert.c">
      <Filter>Source Files</Filter>
    </ClCompile>
    <ClCompile Include="CControl\Sources\Statistics\mean.c">
      <Filter>Source Files</Filter>
    </ClCompile>
    <ClCompile Include="CControl\Sources\Miscellaneous\print.c">
      <Filter>Source Files</Filter>
    </ClCompile>
    <ClCompile Include="CControl\Sources\Statistics\randn.c">
      <Filter>Source Files</Filter>
    </ClCompile>
    <ClCompile Include="CControl\Sources\Miscellaneous\saturation.c">
      <Filter>Source Files</Filter>
    </ClCompile>
    <ClCompile Include="CControl\Sources\Miscellaneous\sign.c">
      <Filter>Source Files</Filter>
    </ClCompile>
    <ClCompile Include="CControl\Sources\Miscellaneous\sort.c">
      <Filter>Source Files</Filter>
    </ClCompile>
    <ClCompile Include="CControl\Sources\Statistics\stddev.c">
      <Filter>Source Files</Filter>
    </ClCompile>
    <ClCompile Include="CControl\Sources\Miscellaneous\sum.c">
      <Filter>Source Files</Filter>
    </ClCompile>
    <ClCompile Include="CControl\Sources\Miscellaneous\vmax.c">
      <Filter>Source Files</Filter>
    </ClCompile>
    <ClCompile Include="CControl\Sources\Miscellaneous\vmin.c">
      <Filter>Source Files</Filter>
    </ClCompile>
    <ClCompile Include="CControl\Sources\Optimization\linprog.c">
      <Filter>Source Files</Filter>
    </ClCompile>
    <ClCompile Include="CControl\Sources\Optimization\quadprog.c">
      <Filter>Source Files</Filter>
    </ClCompile>
    <ClCompile Include="CControl\Sources\SystemIdentification\era.c">
      <Filter>Source Files</Filter>
    </ClCompile>
    <ClCompile Include="CControl\Sources\SystemIdentification\okid.c">
      <Filter>Source Files</Filter>
    </ClCompile>
    <ClCompile Include="CControl\Sources\SystemIdentification\rls.c">
      <Filter>Source Files</Filter>
    </ClCompile>
    <ClCompile Include="CControl\Sources\SystemIdentification\sr_ukf_parameter_estimation.c">
      <Filter>Source Files</Filter>
    </ClCompile>
    <ClCompile Include="Main.c">
      <Filter>Source Files</Filter>
    </ClCompile>
    <ClCompile Include="CControl\Sources\Statistics\pca.c">
      <Filter>Source Files</Filter>
    </ClCompile>
    <ClCompile Include="CControl\Sources\Statistics\lda.c">
      <Filter>Source Files</Filter>
    </ClCompile>
    <ClCompile Include="CControl\Sources\LinearAlgebra\eig_sym_generalized.c">
      <Filter>Source Files</Filter>
    </ClCompile>
    <ClCompile Include="CControl\Sources\MachineLearning\fisherfaces.c">
      <Filter>Source Files</Filter>
    </ClCompile>
    <ClCompile Include="CControl\Sources\Statistics\var.c">
      <Filter>Source Files</Filter>
    </ClCompile>
    <ClCompile Include="CControl\Sources\Statistics\cov.c">
      <Filter>Source Files</Filter>
    </ClCompile>
    <ClCompile Include="CControl\Sources\Statistics\covm.c">
      <Filter>Source Files</Filter>
    </ClCompile>
    <ClCompile Include="CControl\Sources\Filtering\rpca.c">
      <Filter>Source Files</Filter>
    </ClCompile>
    <ClCompile Include="CControl\Sources\Optimization\lsqnonneg.c">
      <Filter>Source Files</Filter>
    </ClCompile>
    <ClCompile Include="CControl\Sources\LinearAlgebra\dot.c">
      <Filter>Source Files</Filter>
    </ClCompile>
    <ClCompile Include="CControl\Sources\MachineLearning\svm.c">
      <Filter>Source Files</Filter>
    </ClCompile>
    <ClCompile Include="CControl\Sources\Miscellaneous\pdist2.c">
      <Filter>Source Files</Filter>
    </ClCompile>
    <ClCompile Include="CControl\Sources\Miscellaneous\find.c">
      <Filter>Source Files</Filter>
    </ClCompile>
    <ClCompile Include="CControl\Sources\MachineLearning\dbscan.c">
      <Filter>Source Files</Filter>
    </ClCompile>
    <ClCompile Include="CControl\Sources\MachineLearning\pooling.c">
      <Filter>Source Files</Filter>
    </ClCompile>
    <ClCompile Include="CControl\Sources\Statistics\amax.c">
      <Filter>Source Files</Filter>
    </ClCompile>
    <ClCompile Include="CControl\Sources\Hardware\count_sub_folders.c">
      <Filter>Source Files</Filter>
    </ClCompile>
    <ClCompile Include="CControl\Sources\Hardware\scan_sub_folder_names.c">
      <Filter>Source Files</Filter>
    </ClCompile>
    <ClCompile Include="CControl\Sources\Hardware\scan_file_names.c">
      <Filter>Source Files</Filter>
    </ClCompile>
    <ClCompile Include="CControl\Sources\Hardware\concatenate_paths.c">
      <Filter>Source Files</Filter>
    </ClCompile>
    <ClCompile Include="CControl\Sources\Miscellaneous\pgm.c">
      <Filter>Source Files</Filter>
    </ClCompile>
    <ClCompile Include="CControl\Sources\MachineLearning\kernel.c">
      <Filter>Source Files</Filter>
    </ClCompile>
    <ClCompile Include="CControl\Sources\MachineLearning\kpca.c">
      <Filter>Source Files</Filter>
    </ClCompile>
    <ClCompile Include="CControl\Sources\Statistics\center.c">
      <Filter>Source Files</Filter>
    </ClCompile>
    <ClCompile Include="CControl\Sources\Statistics\randperm.c">
      <Filter>Source Files</Filter>
    </ClCompile>
    <ClCompile Include="CControl\Sources\LinearAlgebra\Lapack\ssyevd.c">
      <Filter>Source Files</Filter>
    </ClCompile>
    <ClCompile Include="CControl\Sources\LinearAlgebra\Lapack\sormtr.c">
      <Filter>Source Files</Filter>
    </ClCompile>
    <ClCompile Include="CControl\Sources\LinearAlgebra\Lapack\ssytrd.c">
      <Filter>Source Files</Filter>
    </ClCompile>
    <ClCompile Include="CControl\Sources\LinearAlgebra\Lapack\ilaenv.c">
      <Filter>Source Files</Filter>
    </ClCompile>
    <ClCompile Include="CControl\Sources\LinearAlgebra\Lapack\lsame.c">
      <Filter>Source Files</Filter>
    </ClCompile>
    <ClCompile Include="CControl\Sources\LinearAlgebra\Lapack\slascl.c">
      <Filter>Source Files</Filter>
    </ClCompile>
    <ClCompile Include="CControl\Sources\LinearAlgebra\Lapack\sscal.c">
      <Filter>Source Files</Filter>
    </ClCompile>
    <ClCompile Include="CControl\Sources\LinearAlgebra\Lapack\sstedc.c">
      <Filter>Source Files</Filter>
    </ClCompile>
    <ClCompile Include="CControl\Sources\LinearAlgebra\Lapack\ssterf.c">
      <Filter>Source Files</Filter>
    </ClCompile>
    <ClCompile Include="CControl\Sources\LinearAlgebra\Lapack\iparmq.c">
      <Filter>Source Files</Filter>
    </ClCompile>
    <ClCompile Include="CControl\Sources\LinearAlgebra\Lapack\s_cmp.c">
      <Filter>Source Files</Filter>
    </ClCompile>
    <ClCompile Include="CControl\Sources\LinearAlgebra\Lapack\s_copy.c">
      <Filter>Source Files</Filter>
    </ClCompile>
    <ClCompile Include="CControl\Sources\LinearAlgebra\Lapack\slatrd.c">
      <Filter>Source Files</Filter>
    </ClCompile>
    <ClCompile Include="CControl\Sources\LinearAlgebra\Lapack\ssytd2.c">
      <Filter>Source Files</Filter>
    </ClCompile>
    <ClCompile Include="CControl\Sources\LinearAlgebra\Lapack\xerbla.c">
      <Filter>Source Files</Filter>
    </ClCompile>
    <ClCompile Include="CControl\Sources\LinearAlgebra\Lapack\s_stop.c">
      <Filter>Source Files</Filter>
    </ClCompile>
    <ClCompile Include="CControl\Sources\LinearAlgebra\Lapack\i_len_trim.c">
      <Filter>Source Files</Filter>
    </ClCompile>
    <ClCompile Include="CControl\Sources\LinearAlgebra\Lapack\slarfg.c">
      <Filter>Source Files</Filter>
    </ClCompile>
    <ClCompile Include="CControl\Sources\LinearAlgebra\Lapack\ssymv.c">
      <Filter>Source Files</Filter>
    </ClCompile>
    <ClCompile Include="CControl\Sources\LinearAlgebra\Lapack\saxpy.c">
      <Filter>Source Files</Filter>
    </ClCompile>
    <ClCompile Include="CControl\Sources\LinearAlgebra\Lapack\sdot.c">
      <Filter>Source Files</Filter>
    </ClCompile>
    <ClCompile Include="CControl\Sources\LinearAlgebra\Lapack\ssyr2.c">
      <Filter>Source Files</Filter>
    </ClCompile>
    <ClCompile Include="CControl\Sources\LinearAlgebra\Lapack\slacpy.c">
      <Filter>Source Files</Filter>
    </ClCompile>
    <ClCompile Include="CControl\Sources\LinearAlgebra\Lapack\slansy.c">
      <Filter>Source Files</Filter>
    </ClCompile>
    <ClCompile Include="CControl\Sources\LinearAlgebra\Lapack\slamch.c">
      <Filter>Source Files</Filter>
    </ClCompile>
    <ClCompile Include="CControl\Sources\LinearAlgebra\Lapack\slanst.c">
      <Filter>Source Files</Filter>
    </ClCompile>
    <ClCompile Include="CControl\Sources\LinearAlgebra\Lapack\slapy2.c">
      <Filter>Source Files</Filter>
    </ClCompile>
    <ClCompile Include="CControl\Sources\LinearAlgebra\Lapack\slasrt.c">
      <Filter>Source Files</Filter>
    </ClCompile>
    <ClCompile Include="CControl\Sources\LinearAlgebra\Lapack\r_sign.c">
      <Filter>Source Files</Filter>
    </ClCompile>
    <ClCompile Include="CControl\Sources\LinearAlgebra\Lapack\slae2.c">
      <Filter>Source Files</Filter>
    </ClCompile>
    <ClCompile Include="CControl\Sources\LinearAlgebra\Lapack\slaset.c">
      <Filter>Source Files</Filter>
    </ClCompile>
    <ClCompile Include="CControl\Sources\LinearAlgebra\Lapack\ssteqr.c">
      <Filter>Source Files</Filter>
    </ClCompile>
    <ClCompile Include="CControl\Sources\LinearAlgebra\Lapack\s_cat.c">
      <Filter>Source Files</Filter>
    </ClCompile>
    <ClCompile Include="CControl\Sources\LinearAlgebra\Lapack\sormql.c">
      <Filter>Source Files</Filter>
    </ClCompile>
    <ClCompile Include="CControl\Sources\LinearAlgebra\Lapack\sormqr.c">
      <Filter>Source Files</Filter>
    </ClCompile>
    <ClCompile Include="CControl\Sources\LinearAlgebra\Lapack\slarfb.c">
      <Filter>Source Files</Filter>
    </ClCompile>
    <ClCompile Include="CControl\Sources\LinearAlgebra\Lapack\slarft.c">
      <Filter>Source Files</Filter>
    </ClCompile>
    <ClCompile Include="CControl\Sources\LinearAlgebra\Lapack\sorm2r.c">
      <Filter>Source Files</Filter>
    </ClCompile>
    <ClCompile Include="CControl\Sources\LinearAlgebra\Lapack\sorm2l.c">
      <Filter>Source Files</Filter>
    </ClCompile>
    <ClCompile Include="CControl\Sources\LinearAlgebra\Lapack\slarf.c">
      <Filter>Source Files</Filter>
    </ClCompile>
    <ClCompile Include="CControl\Sources\LinearAlgebra\Lapack\sgemv.c">
      <Filter>Source Files</Filter>
    </ClCompile>
    <ClCompile Include="CControl\Sources\LinearAlgebra\Lapack\sisnan.c">
      <Filter>Source Files</Filter>
    </ClCompile>
    <ClCompile Include="CControl\Sources\LinearAlgebra\Lapack\strmv.c">
      <Filter>Source Files</Filter>
    </ClCompile>
    <ClCompile Include="CControl\Sources\LinearAlgebra\Lapack\snrm2.c">
      <Filter>Source Files</Filter>
    </ClCompile>
    <ClCompile Include="CControl\Sources\LinearAlgebra\Lapack\ilaslc.c">
      <Filter>Source Files</Filter>
    </ClCompile>
    <ClCompile Include="CControl\Sources\LinearAlgebra\Lapack\ilaslr.c">
      <Filter>Source Files</Filter>
    </ClCompile>
    <ClCompile Include="CControl\Sources\LinearAlgebra\Lapack\sgemm.c">
      <Filter>Source Files</Filter>
    </ClCompile>
    <ClCompile Include="CControl\Sources\LinearAlgebra\Lapack\strmm.c">
      <Filter>Source Files</Filter>
    </ClCompile>
    <ClCompile Include="CControl\Sources\LinearAlgebra\Lapack\sger.c">
      <Filter>Source Files</Filter>
    </ClCompile>
    <ClCompile Include="CControl\Sources\LinearAlgebra\Lapack\slassq.c">
      <Filter>Source Files</Filter>
    </ClCompile>
    <ClCompile Include="CControl\Sources\LinearAlgebra\Lapack\slaisnan.c">
      <Filter>Source Files</Filter>
    </ClCompile>
    <ClCompile Include="CControl\Sources\LinearAlgebra\Lapack\i_nint.c">
      <Filter>Source Files</Filter>
    </ClCompile>
    <ClCompile Include="CControl\Sources\LinearAlgebra\Lapack\f77_aloc.c">
      <Filter>Source Files</Filter>
    </ClCompile>
    <ClCompile Include="CControl\Sources\LinearAlgebra\Lapack\exit_.c">
      <Filter>Source Files</Filter>
    </ClCompile>
    <ClCompile Include="CControl\Sources\LinearAlgebra\Lapack\pow_ii.c">
      <Filter>Source Files</Filter>
    </ClCompile>
    <ClCompile Include="CControl\Sources\LinearAlgebra\Lapack\scopy.c">
      <Filter>Source Files</Filter>
    </ClCompile>
    <ClCompile Include="CControl\Sources\LinearAlgebra\Lapack\slaev2.c">
      <Filter>Source Files</Filter>
    </ClCompile>
    <ClCompile Include="CControl\Sources\LinearAlgebra\Lapack\slartg.c">
      <Filter>Source Files</Filter>
    </ClCompile>
    <ClCompile Include="CControl\Sources\LinearAlgebra\Lapack\slasr.c">
      <Filter>Source Files</Filter>
    </ClCompile>
    <ClCompile Include="CControl\Sources\LinearAlgebra\Lapack\sswap.c">
      <Filter>Source Files</Filter>
    </ClCompile>
    <ClCompile Include="CControl\Sources\LinearAlgebra\Lapack\ssyr2k.c">
      <Filter>Source Files</Filter>
    </ClCompile>
    <ClCompile Include="CControl\Sources\LinearAlgebra\Lapack\slaed0.c">
      <Filter>Source Files</Filter>
    </ClCompile>
    <ClCompile Include="CControl\Sources\LinearAlgebra\Lapack\slaed1.c">
      <Filter>Source Files</Filter>
    </ClCompile>
    <ClCompile Include="CControl\Sources\LinearAlgebra\Lapack\slaed7.c">
      <Filter>Source Files</Filter>
    </ClCompile>
    <ClCompile Include="CControl\Sources\LinearAlgebra\Lapack\slaed3.c">
      <Filter>Source Files</Filter>
    </ClCompile>
    <ClCompile Include="CControl\Sources\LinearAlgebra\Lapack\slaed8.c">
      <Filter>Source Files</Filter>
    </ClCompile>
    <ClCompile Include="CControl\Sources\LinearAlgebra\Lapack\slaed9.c">
      <Filter>Source Files</Filter>
    </ClCompile>
    <ClCompile Include="CControl\Sources\LinearAlgebra\Lapack\slaed4.c">
      <Filter>Source Files</Filter>
    </ClCompile>
    <ClCompile Include="CControl\Sources\LinearAlgebra\Lapack\slaeda.c">
      <Filter>Source Files</Filter>
    </ClCompile>
    <ClCompile Include="CControl\Sources\LinearAlgebra\Lapack\slaed2.c">
      <Filter>Source Files</Filter>
    </ClCompile>
    <ClCompile Include="CControl\Sources\LinearAlgebra\Lapack\slaed5.c">
      <Filter>Source Files</Filter>
    </ClCompile>
    <ClCompile Include="CControl\Sources\LinearAlgebra\Lapack\slaed6.c">
      <Filter>Source Files</Filter>
    </ClCompile>
    <ClCompile Include="CControl\Sources\LinearAlgebra\Lapack\slamrg.c">
      <Filter>Source Files</Filter>
    </ClCompile>
    <ClCompile Include="CControl\Sources\LinearAlgebra\Lapack\srot.c">
      <Filter>Source Files</Filter>
    </ClCompile>
    <ClCompile Include="CControl\Sources\LinearAlgebra\Lapack\isamax.c">
      <Filter>Source Files</Filter>
    </ClCompile>
    <ClCompile Include="CControl\Sources\LinearAlgebra\Lapack\wsfe.c">
      <Filter>Source Files</Filter>
    </ClCompile>
    <ClCompile Include="CControl\Sources\LinearAlgebra\Lapack\fmt.c">
      <Filter>Source Files</Filter>
    </ClCompile>
    <ClCompile Include="CControl\Sources\LinearAlgebra\Lapack\sig_die.c">
      <Filter>Source Files</Filter>
    </ClCompile>
    <ClCompile Include="CControl\Sources\LinearAlgebra\Lapack\err.c">
      <Filter>Source Files</Filter>
    </ClCompile>
    <ClCompile Include="CControl\Sources\LinearAlgebra\Lapack\sfe.c">
      <Filter>Source Files</Filter>
    </ClCompile>
    <ClCompile Include="CControl\Sources\LinearAlgebra\Lapack\open.c">
      <Filter>Source Files</Filter>
    </ClCompile>
    <ClCompile Include="CControl\Sources\LinearAlgebra\Lapack\wrtfmt.c">
      <Filter>Source Files</Filter>
    </ClCompile>
    <ClCompile Include="CControl\Sources\LinearAlgebra\Lapack\wref.c">
      <Filter>Source Files</Filter>
    </ClCompile>
    <ClCompile Include="CControl\Sources\LinearAlgebra\Lapack\iladlc.c">
      <Filter>Source Files</Filter>
    </ClCompile>
    <ClCompile Include="CControl\Sources\LinearAlgebra\Lapack\iladlr.c">
      <Filter>Source Files</Filter>
    </ClCompile>
    <ClCompile Include="CControl\Sources\LinearAlgebra\svd.c">
      <Filter>Source Files</Filter>
    </ClCompile>
    <ClCompile Include="CControl\Sources\LinearAlgebra\Lapack\sgebrd.c">
      <Filter>Source Files</Filter>
    </ClCompile>
    <ClCompile Include="CControl\Sources\LinearAlgebra\Lapack\sgesvd.c">
      <Filter>Source Files</Filter>
    </ClCompile>
    <ClCompile Include="CControl\Sources\LinearAlgebra\Lapack\slabrd.c">
      <Filter>Source Files</Filter>
    </ClCompile>
    <ClCompile Include="CControl\Sources\LinearAlgebra\Lapack\sorgbr.c">
      <Filter>Source Files</Filter>
    </ClCompile>
    <ClCompile Include="CControl\Sources\LinearAlgebra\Lapack\sormbr.c">
      <Filter>Source Files</Filter>
    </ClCompile>
    <ClCompile Include="CControl\Sources\LinearAlgebra\Lapack\sgebd2.c">
      <Filter>Source Files</Filter>
    </ClCompile>
    <ClCompile Include="CControl\Sources\LinearAlgebra\Lapack\sgelqf.c">
      <Filter>Source Files</Filter>
    </ClCompile>
    <ClCompile Include="CControl\Sources\LinearAlgebra\Lapack\sgeqrf.c">
      <Filter>Source Files</Filter>
    </ClCompile>
    <ClCompile Include="CControl\Sources\LinearAlgebra\Lapack\sgeqr2.c">
      <Filter>Source Files</Filter>
    </ClCompile>
    <ClCompile Include="CControl\Sources\LinearAlgebra\Lapack\sorgqr.c">
      <Filter>Source Files</Filter>
    </ClCompile>
    <ClCompile Include="CControl\Sources\LinearAlgebra\Lapack\sormlq.c">
      <Filter>Source Files</Filter>
    </ClCompile>
    <ClCompile Include="CControl\Sources\LinearAlgebra\Lapack\sgelq2.c">
      <Filter>Source Files</Filter>
    </ClCompile>
    <ClCompile Include="CControl\Sources\LinearAlgebra\Lapack\slange.c">
      <Filter>Source Files</Filter>
    </ClCompile>
    <ClCompile Include="CControl\Sources\LinearAlgebra\Lapack\slarfp.c">
      <Filter>Source Files</Filter>
    </ClCompile>
    <ClCompile Include="CControl\Sources\LinearAlgebra\Lapack\sorglq.c">
      <Filter>Source Files</Filter>
    </ClCompile>
    <ClCompile Include="CControl\Sources\LinearAlgebra\Lapack\sbdsqr.c">
      <Filter>Source Files</Filter>
    </ClCompile>
    <ClCompile Include="CControl\Sources\LinearAlgebra\Lapack\sceil.c">
      <Filter>Source Files</Filter>
    </ClCompile>
    <ClCompile Include="CControl\Sources\LinearAlgebra\Lapack\sorgl2.c">
      <Filter>Source Files</Filter>
    </ClCompile>
    <ClCompile Include="CControl\Sources\LinearAlgebra\Lapack\sorml2.c">
      <Filter>Source Files</Filter>
    </ClCompile>
    <ClCompile Include="CControl\Sources\LinearAlgebra\Lapack\slas2.c">
      <Filter>Source Files</Filter>
    </ClCompile>
    <ClCompile Include="CControl\Sources\LinearAlgebra\Lapack\slasq1.c">
      <Filter>Source Files</Filter>
    </ClCompile>
    <ClCompile Include="CControl\Sources\LinearAlgebra\Lapack\slasv2.c">
      <Filter>Source Files</Filter>
    </ClCompile>
    <ClCompile Include="CControl\Sources\LinearAlgebra\Lapack\sorg2r.c">
      <Filter>Source Files</Filter>
    </ClCompile>
    <ClCompile Include="CControl\Sources\LinearAlgebra\Lapack\slasq2.c">
      <Filter>Source Files</Filter>
    </ClCompile>
    <ClCompile Include="CControl\Sources\LinearAlgebra\Lapack\slasq3.c">
      <Filter>Source Files</Filter>
    </ClCompile>
    <ClCompile Include="CControl\Sources\LinearAlgebra\Lapack\slasq4.c">
      <Filter>Source Files</Filter>
    </ClCompile>
    <ClCompile Include="CControl\Sources\LinearAlgebra\Lapack\slasq6.c">
      <Filter>Source Files</Filter>
    </ClCompile>
    <ClCompile Include="CControl\Sources\LinearAlgebra\Lapack\sgeev.c">
      <Filter>Source Files</Filter>
    </ClCompile>
    <ClCompile Include="CControl\Sources\LinearAlgebra\Lapack\sgehrd.c">
      <Filter>Source Files</Filter>
    </ClCompile>
    <ClCompile Include="CControl\Sources\LinearAlgebra\Lapack\sgebal.c">
      <Filter>Source Files</Filter>
    </ClCompile>
    <ClCompile Include="CControl\Sources\LinearAlgebra\Lapack\slabad.c">
      <Filter>Source Files</Filter>
    </ClCompile>
    <ClCompile Include="CControl\Sources\LinearAlgebra\Lapack\slahr2.c">
      <Filter>Source Files</Filter>
    </ClCompile>
    <ClCompile Include="CControl\Sources\LinearAlgebra\Lapack\sorghr.c">
      <Filter>Source Files</Filter>
    </ClCompile>
    <ClCompile Include="CControl\Sources\LinearAlgebra\Lapack\strevc.c">
      <Filter>Source Files</Filter>
    </ClCompile>
    <ClCompile Include="CControl\Sources\LinearAlgebra\Lapack\sgebak.c">
      <Filter>Source Files</Filter>
    </ClCompile>
    <ClCompile Include="CControl\Sources\LinearAlgebra\Lapack\sgehd2.c">
      <Filter>Source Files</Filter>
    </ClCompile>
    <ClCompile Include="CControl\Sources\LinearAlgebra\Lapack\slaln2.c">
      <Filter>Source Files</Filter>
    </ClCompile>
    <ClCompile Include="CControl\Sources\LinearAlgebra\Lapack\shseqr.c">
      <Filter>Source Files</Filter>
    </ClCompile>
    <ClCompile Include="CControl\Sources\LinearAlgebra\Lapack\sladiv.c">
      <Filter>Source Files</Filter>
    </ClCompile>
    <ClCompile Include="CControl\Sources\LinearAlgebra\Lapack\slahqr.c">
      <Filter>Source Files</Filter>
    </ClCompile>
    <ClCompile Include="CControl\Sources\LinearAlgebra\Lapack\slaqr0.c">
      <Filter>Source Files</Filter>
    </ClCompile>
    <ClCompile Include="CControl\Sources\LinearAlgebra\Lapack\slanv2.c">
      <Filter>Source Files</Filter>
    </ClCompile>
    <ClCompile Include="CControl\Sources\LinearAlgebra\Lapack\slaqr1.c">
      <Filter>Source Files</Filter>
    </ClCompile>
    <ClCompile Include="CControl\Sources\LinearAlgebra\Lapack\slaqr2.c">
      <Filter>Source Files</Filter>
    </ClCompile>
    <ClCompile Include="CControl\Sources\LinearAlgebra\Lapack\slaqr3.c">
      <Filter>Source Files</Filter>
    </ClCompile>
    <ClCompile Include="CControl\Sources\LinearAlgebra\Lapack\slaqr4.c">
      <Filter>Source Files</Filter>
    </ClCompile>
    <ClCompile Include="CControl\Sources\LinearAlgebra\Lapack\slaqr5.c">
      <Filter>Source Files</Filter>
    </ClCompile>
    <ClCompile Include="CControl\Sources\LinearAlgebra\Lapack\sormhr.c">
      <Filter>Source Files</Filter>
    </ClCompile>
    <ClCompile Include="CControl\Sources\LinearAlgebra\Lapack\strexc.c">
      <Filter>Source Files</Filter>
    </ClCompile>
    <ClCompile Include="CControl\Sources\LinearAlgebra\Lapack\slaexc.c">
      <Filter>Source Files</Filter>
    </ClCompile>
    <ClCompile Include="CControl\Sources\LinearAlgebra\Lapack\slarfx.c">
      <Filter>Source Files</Filter>
    </ClCompile>
    <ClCompile Include="CControl\Sources\LinearAlgebra\Lapack\slasy2.c">
      <Filter>Source Files</Filter>
    </ClCompile>
    <ClCompile Include="CControl\Sources\LinearAlgebra\Lapack\pow_ri.c">
      <Filter>Source Files</Filter>
    </ClCompile>
    <ClCompile Include="CControl\Sources\LinearAlgebra\Lapack\r_lg10.c">
      <Filter>Source Files</Filter>
    </ClCompile>
    <ClCompile Include="CControl\Sources\LinearAlgebra\Lapack\pow_dd.c">
      <Filter>Source Files</Filter>
    </ClCompile>
    <ClCompile Include="CControl\Sources\LinearAlgebra\Lapack\spotrf.c">
      <Filter>Source Files</Filter>
    </ClCompile>
    <ClCompile Include="CControl\Sources\LinearAlgebra\Lapack\spotf2.c">
      <Filter>Source Files</Filter>
    </ClCompile>
    <ClCompile Include="CControl\Sources\LinearAlgebra\Lapack\ssyrk.c">
      <Filter>Source Files</Filter>
    </ClCompile>
    <ClCompile Include="CControl\Sources\LinearAlgebra\Lapack\strsm.c">
      <Filter>Source Files</Filter>
    </ClCompile>
    <ClCompile Include="CControl\Sources\Miscellaneous\issymmetric.c">
      <Filter>Source Files</Filter>
    </ClCompile>
    <ClCompile Include="CControl\Sources\LinearAlgebra\Lapack\sgetrf.c">
      <Filter>Source Files</Filter>
    </ClCompile>
    <ClCompile Include="CControl\Sources\LinearAlgebra\Lapack\slaswp.c">
      <Filter>Source Files</Filter>
    </ClCompile>
    <ClCompile Include="CControl\Sources\LinearAlgebra\Lapack\sgetri.c">
      <Filter>Source Files</Filter>
    </ClCompile>
    <ClCompile Include="CControl\Sources\LinearAlgebra\Lapack\strtri.c">
      <Filter>Source Files</Filter>
    </ClCompile>
    <ClCompile Include="CControl\Sources\LinearAlgebra\Lapack\strti2.c">
      <Filter>Source Files</Filter>
    </ClCompile>
    <ClCompile Include="CControl\Sources\LinearAlgebra\Lapack\fmtlib.c">
      <Filter>Source Files</Filter>
    </ClCompile>
    <ClCompile Include="CControl\Sources\LinearAlgebra\Lapack\util.c">
      <Filter>Source Files</Filter>
    </ClCompile>
    <ClCompile Include="CControl\Sources\LinearAlgebra\Lapack\endfile.c">
      <Filter>Source Files</Filter>
    </ClCompile>
    <ClCompile Include="CControl\Sources\LinearAlgebra\Lapack\close.c">
      <Filter>Source Files</Filter>
    </ClCompile>
    <ClCompile Include="CControl\Sources\LinearAlgebra\Lapack\ieeeck.c">
      <Filter>Source Files</Filter>
    </ClCompile>
    <ClCompile Include="CControl\Sources\LinearAlgebra\Lapack\slasq5.c">
      <Filter>Source Files</Filter>
    </ClCompile>
    <ClCompile Include="CControl\Sources\LinearAlgebra\Lapack\sgesdd.c">
      <Filter>Source Files</Filter>
    </ClCompile>
    <ClCompile Include="CControl\Sources\LinearAlgebra\Lapack\sbdsdc.c">
      <Filter>Source Files</Filter>
    </ClCompile>
    <ClCompile Include="CControl\Sources\LinearAlgebra\Lapack\slasd0.c">
      <Filter>Source Files</Filter>
    </ClCompile>
    <ClCompile Include="CControl\Sources\LinearAlgebra\Lapack\slasda.c">
      <Filter>Source Files</Filter>
    </ClCompile>
    <ClCompile Include="CControl\Sources\LinearAlgebra\Lapack\slasdq.c">
      <Filter>Source Files</Filter>
    </ClCompile>
    <ClCompile Include="CControl\Sources\LinearAlgebra\Lapack\slasd1.c">
      <Filter>Source Files</Filter>
    </ClCompile>
    <ClCompile Include="CControl\Sources\LinearAlgebra\Lapack\slasd6.c">
      <Filter>Source Files</Filter>
    </ClCompile>
    <ClCompile Include="CControl\Sources\LinearAlgebra\Lapack\slasdt.c">
      <Filter>Source Files</Filter>
    </ClCompile>
    <ClCompile Include="CControl\Sources\LinearAlgebra\Lapack\slasd2.c">
      <Filter>Source Files</Filter>
    </ClCompile>
    <ClCompile Include="CControl\Sources\LinearAlgebra\Lapack\slasd3.c">
      <Filter>Source Files</Filter>
    </ClCompile>
    <ClCompile Include="CControl\Sources\LinearAlgebra\Lapack\slasd7.c">
      <Filter>Source Files</Filter>
    </ClCompile>
    <ClCompile Include="CControl\Sources\LinearAlgebra\Lapack\slasd8.c">
      <Filter>Source Files</Filter>
    </ClCompile>
    <ClCompile Include="CControl\Sources\LinearAlgebra\Lapack\slasd4.c">
      <Filter>Source Files</Filter>
    </ClCompile>
    <ClCompile Include="CControl\Sources\LinearAlgebra\Lapack\slasd5.c">
      <Filter>Source Files</Filter>
    </ClCompile>
  </ItemGroup>
</Project>